
Microsoft Visual Studio Solution File, Format Version 12.00
# Visual Studio Version 16
VisualStudioVersion = 16.0.30011.22
MinimumVisualStudioVersion = 10.0.40219.1
Project("{FAE04EC0-301F-11D3-BF4B-00C04F79EFBC}") = "AutofacSample", "AutofacSample\AutofacSample.csproj", "{591DD5C9-AF42-40BF-B74E-8F6DAB7BCB33}"
EndProject
Global
	GlobalSection(SolutionConfigurationPlatforms) = preSolution
		Debug|Any CPU = Debug|Any CPU
		Release|Any CPU = Release|Any CPU
	EndGlobalSection
	GlobalSection(ProjectConfigurationPlatforms) = postSolution
		{591DD5C9-AF42-40BF-B74E-8F6DAB7BCB33}.Debug|Any CPU.ActiveCfg = Debug|Any CPU
		{591DD5C9-AF42-40BF-B74E-8F6DAB7BCB33}.Debug|Any CPU.Build.0 = Debug|Any CPU
		{591DD5C9-AF42-40BF-B74E-8F6DAB7BCB33}.Release|Any CPU.ActiveCfg = Release|Any CPU
		{591DD5C9-AF42-40BF-B74E-8F6DAB7BCB33}.Release|Any CPU.Build.0 = Release|Any CPU
	EndGlobalSection
	GlobalSection(SolutionProperties) = preSolution
		HideSolutionNode = FALSE
	EndGlobalSection
	GlobalSection(ExtensibilityGlobals) = postSolution
		SolutionGuid = {7F682576-BF76-458C-A471-0B66837CBD0C}
	EndGlobalSection
EndGlobal
